
Microsoft Visual Studio Solution File, Format Version 12.00
# Visual Studio 2012
Project("{FAE04EC0-301F-11D3-BF4B-00C04F79EFBC}") = "Kindruk.lab1", "Kindruk.lab1\Kindruk.lab1.csproj", "{F487C40F-7C92-48AB-B446-AD1BCAA6771B}"
EndProject
Project("{FAE04EC0-301F-11D3-BF4B-00C04F79EFBC}") = "Kindruk.lab1.Tests", "Kindruk.lab1.Tests\Kindruk.lab1.Tests.csproj", "{E2DCF237-9E49-40B0-9DF4-D0EAFB35EB32}"
EndProject
Global
	GlobalSection(SolutionConfigurationPlatforms) = preSolution
		Debug|Any CPU = Debug|Any CPU
		Release|Any CPU = Release|Any CPU
	EndGlobalSection
	GlobalSection(ProjectConfigurationPlatforms) = postSolution
		{F487C40F-7C92-48AB-B446-AD1BCAA6771B}.Debug|Any CPU.ActiveCfg = Debug|Any CPU
		{F487C40F-7C92-48AB-B446-AD1BCAA6771B}.Debug|Any CPU.Build.0 = Debug|Any CPU
		{F487C40F-7C92-48AB-B446-AD1BCAA6771B}.Release|Any CPU.ActiveCfg = Release|Any CPU
		{F487C40F-7C92-48AB-B446-AD1BCAA6771B}.Release|Any CPU.Build.0 = Release|Any CPU
		{E2DCF237-9E49-40B0-9DF4-D0EAFB35EB32}.Debug|Any CPU.ActiveCfg = Debug|Any CPU
		{E2DCF237-9E49-40B0-9DF4-D0EAFB35EB32}.Debug|Any CPU.Build.0 = Debug|Any CPU
		{E2DCF237-9E49-40B0-9DF4-D0EAFB35EB32}.Release|Any CPU.ActiveCfg = Release|Any CPU
		{E2DCF237-9E49-40B0-9DF4-D0EAFB35EB32}.Release|Any CPU.Build.0 = Release|Any CPU
	EndGlobalSection
	GlobalSection(SolutionProperties) = preSolution
		HideSolutionNode = FALSE
	EndGlobalSection
EndGlobal
