
Microsoft Visual Studio Solution File, Format Version 12.00
# Visual Studio 2012
Project("{FAE04EC0-301F-11D3-BF4B-00C04F79EFBC}") = "Kindruk.lab1", "Kindruk.lab1\Kindruk.lab1.csproj", "{F487C40F-7C92-48AB-B446-AD1BCAA6771B}"
EndProject
Project("{FAE04EC0-301F-11D3-BF4B-00C04F79EFBC}") = "Kindruk.lab1.Tests", "Kindruk.lab1.Tests\Kindruk.lab1.Tests.csproj", "{E2DCF237-9E49-40B0-9DF4-D0EAFB35EB32}"
EndProject
Project("{FAE04EC0-301F-11D3-BF4B-00C04F79EFBC}") = "Kindruk.lab2", "Kindruk.lab2\Kindruk.lab2.csproj", "{2ED10EA3-D0B3-4628-A65C-5B8944C458EE}"
EndProject
Project("{FAE04EC0-301F-11D3-BF4B-00C04F79EFBC}") = "Kindruk.lab2.Tests", "Kindruk.lab2.Tests\Kindruk.lab2.Tests.csproj", "{5A6FE379-DF96-4965-9142-0DE97BDD82FB}"
EndProject
Project("{FAE04EC0-301F-11D3-BF4B-00C04F79EFBC}") = "Kindruk.lab3", "Kindruk.lab3\Kindruk.lab3.csproj", "{9C018A7B-AC2F-4F38-B75B-79471B8D797C}"
EndProject
Project("{FAE04EC0-301F-11D3-BF4B-00C04F79EFBC}") = "Kindruk.lab3.Tests", "Kindruk.lab3.Tests\Kindruk.lab3.Tests.csproj", "{F08A2011-0F08-4112-9040-8E0A96366D7C}"
EndProject
Project("{FAE04EC0-301F-11D3-BF4B-00C04F79EFBC}") = "Kindruk.lab4", "Kindruk.lab4\Kindruk.lab4.csproj", "{860D2263-27E8-4A30-9251-292975AD29DA}"
EndProject
Project("{FAE04EC0-301F-11D3-BF4B-00C04F79EFBC}") = "Kindruk.lab4.Tests", "Kindruk.lab4.Tests\Kindruk.lab4.Tests.csproj", "{1F5545F8-4EDD-4AFA-9563-0E83739B2B17}"
EndProject
Project("{FAE04EC0-301F-11D3-BF4B-00C04F79EFBC}") = "Plugin", "Kindruk.lab5\Plugin\Plugin.csproj", "{1B49112C-4636-4FF2-960B-AF053FC78BA8}"
EndProject
Project("{2150E333-8FDC-42A3-9474-1A3956D46DE8}") = "Kindruk.lab5", "Kindruk.lab5", "{674D8206-0AC5-4FFB-B20D-6D8BA0229B18}"
EndProject
Project("{FAE04EC0-301F-11D3-BF4B-00C04F79EFBC}") = "GraphAnalyzer", "Kindruk.lab5\GraphAnalyzer\GraphAnalyzer.csproj", "{7F32E08C-69C3-4F09-AD05-BE204CF5965C}"
EndProject
Project("{FAE04EC0-301F-11D3-BF4B-00C04F79EFBC}") = "WeightedGraph", "Kindruk.lab5\WeightedGraph\WeightedGraph.csproj", "{0D382217-143D-4708-87B9-2E7D396E28E6}"
EndProject
Project("{FAE04EC0-301F-11D3-BF4B-00C04F79EFBC}") = "GraphIO", "Kindruk.lab5\GraphIO\GraphIO.csproj", "{7CDFDA6E-AB59-4067-9BCF-475EC36DD6B7}"
EndProject
Project("{FAE04EC0-301F-11D3-BF4B-00C04F79EFBC}") = "ShortestWaysFinder", "Kindruk.lab5\ShortestWaysFinder\ShortestWaysFinder.csproj", "{AFFD36A0-38B2-479C-9131-1774BE48C452}"
EndProject
Project("{FAE04EC0-301F-11D3-BF4B-00C04F79EFBC}") = "MinimumSpanningTreeBuilder", "Kindruk.lab5\MinimumSpanningTreeBuilder\MinimumSpanningTreeBuilder.csproj", "{70295D7C-C344-441E-8F72-D8C03DA593D7}"
EndProject
Global
	GlobalSection(SolutionConfigurationPlatforms) = preSolution
		Debug|Any CPU = Debug|Any CPU
		Release|Any CPU = Release|Any CPU
	EndGlobalSection
	GlobalSection(ProjectConfigurationPlatforms) = postSolution
		{F487C40F-7C92-48AB-B446-AD1BCAA6771B}.Debug|Any CPU.ActiveCfg = Debug|Any CPU
		{F487C40F-7C92-48AB-B446-AD1BCAA6771B}.Debug|Any CPU.Build.0 = Debug|Any CPU
		{F487C40F-7C92-48AB-B446-AD1BCAA6771B}.Release|Any CPU.ActiveCfg = Release|Any CPU
		{F487C40F-7C92-48AB-B446-AD1BCAA6771B}.Release|Any CPU.Build.0 = Release|Any CPU
		{E2DCF237-9E49-40B0-9DF4-D0EAFB35EB32}.Debug|Any CPU.ActiveCfg = Debug|Any CPU
		{E2DCF237-9E49-40B0-9DF4-D0EAFB35EB32}.Debug|Any CPU.Build.0 = Debug|Any CPU
		{E2DCF237-9E49-40B0-9DF4-D0EAFB35EB32}.Release|Any CPU.ActiveCfg = Release|Any CPU
		{E2DCF237-9E49-40B0-9DF4-D0EAFB35EB32}.Release|Any CPU.Build.0 = Release|Any CPU
		{2ED10EA3-D0B3-4628-A65C-5B8944C458EE}.Debug|Any CPU.ActiveCfg = Debug|Any CPU
		{2ED10EA3-D0B3-4628-A65C-5B8944C458EE}.Debug|Any CPU.Build.0 = Debug|Any CPU
		{2ED10EA3-D0B3-4628-A65C-5B8944C458EE}.Release|Any CPU.ActiveCfg = Release|Any CPU
		{2ED10EA3-D0B3-4628-A65C-5B8944C458EE}.Release|Any CPU.Build.0 = Release|Any CPU
		{5A6FE379-DF96-4965-9142-0DE97BDD82FB}.Debug|Any CPU.ActiveCfg = Debug|Any CPU
		{5A6FE379-DF96-4965-9142-0DE97BDD82FB}.Debug|Any CPU.Build.0 = Debug|Any CPU
		{5A6FE379-DF96-4965-9142-0DE97BDD82FB}.Release|Any CPU.ActiveCfg = Release|Any CPU
		{5A6FE379-DF96-4965-9142-0DE97BDD82FB}.Release|Any CPU.Build.0 = Release|Any CPU
		{9C018A7B-AC2F-4F38-B75B-79471B8D797C}.Debug|Any CPU.ActiveCfg = Debug|Any CPU
		{9C018A7B-AC2F-4F38-B75B-79471B8D797C}.Debug|Any CPU.Build.0 = Debug|Any CPU
		{9C018A7B-AC2F-4F38-B75B-79471B8D797C}.Release|Any CPU.ActiveCfg = Release|Any CPU
		{9C018A7B-AC2F-4F38-B75B-79471B8D797C}.Release|Any CPU.Build.0 = Release|Any CPU
		{F08A2011-0F08-4112-9040-8E0A96366D7C}.Debug|Any CPU.ActiveCfg = Debug|Any CPU
		{F08A2011-0F08-4112-9040-8E0A96366D7C}.Debug|Any CPU.Build.0 = Debug|Any CPU
		{F08A2011-0F08-4112-9040-8E0A96366D7C}.Release|Any CPU.ActiveCfg = Release|Any CPU
		{F08A2011-0F08-4112-9040-8E0A96366D7C}.Release|Any CPU.Build.0 = Release|Any CPU
		{860D2263-27E8-4A30-9251-292975AD29DA}.Debug|Any CPU.ActiveCfg = Debug|Any CPU
		{860D2263-27E8-4A30-9251-292975AD29DA}.Debug|Any CPU.Build.0 = Debug|Any CPU
		{860D2263-27E8-4A30-9251-292975AD29DA}.Release|Any CPU.ActiveCfg = Release|Any CPU
		{860D2263-27E8-4A30-9251-292975AD29DA}.Release|Any CPU.Build.0 = Release|Any CPU
		{1F5545F8-4EDD-4AFA-9563-0E83739B2B17}.Debug|Any CPU.ActiveCfg = Debug|Any CPU
		{1F5545F8-4EDD-4AFA-9563-0E83739B2B17}.Debug|Any CPU.Build.0 = Debug|Any CPU
		{1F5545F8-4EDD-4AFA-9563-0E83739B2B17}.Release|Any CPU.ActiveCfg = Release|Any CPU
		{1F5545F8-4EDD-4AFA-9563-0E83739B2B17}.Release|Any CPU.Build.0 = Release|Any CPU
		{1B49112C-4636-4FF2-960B-AF053FC78BA8}.Debug|Any CPU.ActiveCfg = Debug|Any CPU
		{1B49112C-4636-4FF2-960B-AF053FC78BA8}.Debug|Any CPU.Build.0 = Debug|Any CPU
		{1B49112C-4636-4FF2-960B-AF053FC78BA8}.Release|Any CPU.ActiveCfg = Release|Any CPU
		{1B49112C-4636-4FF2-960B-AF053FC78BA8}.Release|Any CPU.Build.0 = Release|Any CPU
		{7F32E08C-69C3-4F09-AD05-BE204CF5965C}.Debug|Any CPU.ActiveCfg = Debug|Any CPU
		{7F32E08C-69C3-4F09-AD05-BE204CF5965C}.Debug|Any CPU.Build.0 = Debug|Any CPU
		{7F32E08C-69C3-4F09-AD05-BE204CF5965C}.Release|Any CPU.ActiveCfg = Release|Any CPU
		{7F32E08C-69C3-4F09-AD05-BE204CF5965C}.Release|Any CPU.Build.0 = Release|Any CPU
		{0D382217-143D-4708-87B9-2E7D396E28E6}.Debug|Any CPU.ActiveCfg = Debug|Any CPU
		{0D382217-143D-4708-87B9-2E7D396E28E6}.Debug|Any CPU.Build.0 = Debug|Any CPU
		{0D382217-143D-4708-87B9-2E7D396E28E6}.Release|Any CPU.ActiveCfg = Release|Any CPU
		{0D382217-143D-4708-87B9-2E7D396E28E6}.Release|Any CPU.Build.0 = Release|Any CPU
		{7CDFDA6E-AB59-4067-9BCF-475EC36DD6B7}.Debug|Any CPU.ActiveCfg = Debug|Any CPU
		{7CDFDA6E-AB59-4067-9BCF-475EC36DD6B7}.Debug|Any CPU.Build.0 = Debug|Any CPU
		{7CDFDA6E-AB59-4067-9BCF-475EC36DD6B7}.Release|Any CPU.ActiveCfg = Release|Any CPU
		{7CDFDA6E-AB59-4067-9BCF-475EC36DD6B7}.Release|Any CPU.Build.0 = Release|Any CPU
		{AFFD36A0-38B2-479C-9131-1774BE48C452}.Debug|Any CPU.ActiveCfg = Debug|Any CPU
		{AFFD36A0-38B2-479C-9131-1774BE48C452}.Debug|Any CPU.Build.0 = Debug|Any CPU
		{AFFD36A0-38B2-479C-9131-1774BE48C452}.Release|Any CPU.ActiveCfg = Release|Any CPU
		{AFFD36A0-38B2-479C-9131-1774BE48C452}.Release|Any CPU.Build.0 = Release|Any CPU
		{70295D7C-C344-441E-8F72-D8C03DA593D7}.Debug|Any CPU.ActiveCfg = Debug|Any CPU
		{70295D7C-C344-441E-8F72-D8C03DA593D7}.Debug|Any CPU.Build.0 = Debug|Any CPU
		{70295D7C-C344-441E-8F72-D8C03DA593D7}.Release|Any CPU.ActiveCfg = Release|Any CPU
		{70295D7C-C344-441E-8F72-D8C03DA593D7}.Release|Any CPU.Build.0 = Release|Any CPU
	EndGlobalSection
	GlobalSection(SolutionProperties) = preSolution
		HideSolutionNode = FALSE
	EndGlobalSection
	GlobalSection(NestedProjects) = preSolution
		{1B49112C-4636-4FF2-960B-AF053FC78BA8} = {674D8206-0AC5-4FFB-B20D-6D8BA0229B18}
		{7F32E08C-69C3-4F09-AD05-BE204CF5965C} = {674D8206-0AC5-4FFB-B20D-6D8BA0229B18}
		{0D382217-143D-4708-87B9-2E7D396E28E6} = {674D8206-0AC5-4FFB-B20D-6D8BA0229B18}
		{7CDFDA6E-AB59-4067-9BCF-475EC36DD6B7} = {674D8206-0AC5-4FFB-B20D-6D8BA0229B18}
		{AFFD36A0-38B2-479C-9131-1774BE48C452} = {674D8206-0AC5-4FFB-B20D-6D8BA0229B18}
		{70295D7C-C344-441E-8F72-D8C03DA593D7} = {674D8206-0AC5-4FFB-B20D-6D8BA0229B18}
	EndGlobalSection
EndGlobal
